hash: 9346dfc2a9c2b057fb4d3b74c1656fc1a4663de74f783e6695e1be904ddabdfa
updated: 2017-07-28T10:11:40.636365639Z
imports:
- name: github.com/abadojack/whatlanggo
  version: 6f8588be1544807416568b453f786a24284d0417
- name: github.com/andybalholm/cascadia
  version: 349dd0209470eabd9514242c688c403c0926d266
- name: github.com/cdipaolo/goml
  version: e2d8def04c9a19893aba223c21899c77089651ee
  subpackages:
  - base
  - text
- name: github.com/cstockton/go-conv
  version: 4f5d7d0741daefda544681ef5613ff8bc2fc65c1
- name: github.com/cstockton/go-iter
  version: 353ca660c5db366129be2acc4c4c6807185474e9
- name: github.com/cznic/sortutil
  version: 4c7342852e65c2088c981288f2c5610d10b9f7f4
- name: github.com/djimenez/iconv-go
  version: 8960e66bd3dacbc8773962b40eb82fc18c63c127
- name: github.com/dpcat237/articletext
  version: d71a13acf76d89d6be4e1dfc1451fe9158e118cc
- name: github.com/go-redis/redis
  version: 84163af3c14a312750f6182c2b2dd6ee37699b53
  subpackages:
  - internal
  - internal/consistenthash
  - internal/hashtag
  - internal/pool
  - internal/proto
- name: github.com/go-sql-driver/mysql
  version: 3955978caca48c1658a4bb7a9c6a0f084e326af3
- name: github.com/gorilla/context
  version: 08b5f424b9271eedf6f9f0ce86cb9396ed337a42
- name: github.com/gorilla/mux
  version: 392c28fe23e1c45ddba891b0320b3b5df220beea
- name: github.com/jaytaylor/html2text
  version: 7c7a33a7a158a5ce395c803d2b6a209b2bbc14c8
- name: github.com/jinzhu/gorm
  version: 5174cc5c242a728b435ea2be8a2f7f998e15429b
  subpackages:
  - dialects/mysql
- name: github.com/jinzhu/inflection
  version: 1c35d901db3da928c72a72d8458480cc9ade058f
- name: github.com/mattn/go-runewidth
  version: 97311d9f7767e3d6f422ea06661bc2c7a19e8a5d
- name: github.com/microcosm-cc/bluemonday
  version: e79763773ab6222ca1d5a7cbd9d62d83c1f77081
- name: github.com/mmcdole/gofeed
  version: 303223474e837398b2f8a265e5572958bb5568c0
  subpackages:
  - atom
  - extensions
  - internal/shared
  - rss
- name: github.com/mmcdole/goxpp
  version: 77e4a51a73ed99ee3f33c1474dc166866304acbd
- name: github.com/NaySoftware/go-fcm
  version: 8b8dc5883a3bfd52fd4d296d2ab89aa1b703aed4
- name: github.com/Obaied/RAKE.go
  version: ea334dbbc4ffe071f71d2a46d780198160d75500
- name: github.com/olebedev/config
  version: 142c005175618f9116a60676c4eec0b3859f4afe
- name: github.com/olekukonko/tablewriter
  version: be5337e7b39e64e5f91445ce7e721888dbab7387
- name: github.com/PuerkitoBio/goquery
  version: 8806ada2a4ab225c06e9106f9631be80932db7ce
- name: github.com/saintfish/chardet
  version: 3af4cd4741ca4f3eb0c407c034571a6fb0ea529c
- name: github.com/ssor/bom
  version: 6386211fdfcf24c0bfbdaceafd02849ed9a8a509
- name: golang.org/x/crypto
  version: 27b9897dfcda296fc086003b6e46fca80a29512d
  subpackages:
  - bcrypt
  - blowfish
- name: golang.org/x/net
  version: f5079bd7f6f74e23c4d65efa0f4ce14cbd6a3c0f
  subpackages:
  - html
  - html/atom
  - html/charset
- name: golang.org/x/text
  version: 836efe42bb4aa16aaa17b9c155d8813d336ed720
  subpackages:
  - encoding
  - encoding/charmap
  - encoding/htmlindex
  - encoding/internal
  - encoding/internal/identifier
  - encoding/japanese
  - encoding/korean
  - encoding/simplifiedchinese
  - encoding/traditionalchinese
  - encoding/unicode
  - internal/tag
  - internal/utf8internal
  - language
  - runes
  - transform
- name: gopkg.in/neurosnap/sentences.v1
  version: a7f18ead1433a139742a8b42ce7a059cfb484d60
  subpackages:
  - data
- name: gopkg.in/yaml.v2
  version: 25c4ec802a7d637f88d584ab26798e94ad14c13b
testImports: []
